
Microsoft Visual Studio Solution File, Format Version 12.00
# Visual Studio Version 16
VisualStudioVersion = 16.0.30804.86
MinimumVisualStudioVersion = 10.0.40219.1
Project("{FAE04EC0-301F-11D3-BF4B-00C04F79EFBC}") = "GameProject", "GameProject\GameProject.csproj", "{5B400C27-1640-4C04-A86B-01F3E6A772D8}"
EndProject
Global
	GlobalSection(SolutionConfigurationPlatforms) = preSolution
		Debug|Any CPU = Debug|Any CPU
		Release|Any CPU = Release|Any CPU
	EndGlobalSection
	GlobalSection(ProjectConfigurationPlatforms) = postSolution
		{5B400C27-1640-4C04-A86B-01F3E6A772D8}.Debug|Any CPU.ActiveCfg = Debug|Any CPU
		{5B400C27-1640-4C04-A86B-01F3E6A772D8}.Debug|Any CPU.Build.0 = Debug|Any CPU
		{5B400C27-1640-4C04-A86B-01F3E6A772D8}.Release|Any CPU.ActiveCfg = Release|Any CPU
		{5B400C27-1640-4C04-A86B-01F3E6A772D8}.Release|Any CPU.Build.0 = Release|Any CPU
	EndGlobalSection
	GlobalSection(SolutionProperties) = preSolution
		HideSolutionNode = FALSE
	EndGlobalSection
	GlobalSection(ExtensibilityGlobals) = postSolution
		SolutionGuid = {8351F4B7-A67F-4137-9F67-70D0B75AC014}
	EndGlobalSection
EndGlobal
